<Solution>
  <Folder Name="/src/">
    <Project Path="src/Dst.Core/Dst.Core.csproj" />
    <Project Path="src/Dst.Features/Dst.Features.csproj" />
    <Project Path="src/Dst.WebApiApp/Dst.WebApiApp.csproj" />
  </Folder>

  <Folder Name="/src/Apps/">
    <Project Path="src/Apps/Dst.Apps.OrleansSiloWebApp/Dst.Apps.OrleansSiloWebApp.csproj" />
  </Folder>

  <Folder Name="/src/Aspires/">
    <Project Path="src/Aspires/Dst.Aspires.AppHost/Dst.Aspires.AppHost.csproj" />
    <Project Path="src/Aspires/Dst.Aspires.ServiceDefaults/Dst.Aspires.ServiceDefaults.csproj" />
  </Folder>

  <Folder Name="/tests/">
    <Project Path="tests/Dst.HostApplication.Tests/Dst.HostApplication.Tests.csproj" />
  </Folder>
</Solution>
