<Solution>
  <Folder Name="/src/">
    <Project Path="src/Dst.HostApplication.AppHost/Dst.HostApplication.AppHost.csproj" />
    <Project Path="src/Dst.HostApplication.ServiceDefaults/Dst.HostApplication.ServiceDefaults.csproj" />
    <Project Path="src/Dst.HostApplication.Web/Dst.HostApplication.Web.csproj" />
    <Project Path="src/Dst.Orleans.ClientWebApp/Dst.Orleans.ClientWebApp.csproj" />
    <Project Path="src/Dst.Orleans.Core/Dst.Orleans.Core.csproj" />
    <Project Path="src/Dst.Orleans.SiloWebApp/Dst.Orleans.SiloWebApp.csproj" />
  </Folder>
  <Folder Name="/tests/">
    <Project Path="tests/Dst.HostApplication.Tests/Dst.HostApplication.Tests.csproj" />
  </Folder>
</Solution>
