<Solution>
  <Folder Name="/src/">
    <Project Path="src/Mdr.HostApplication.AppHost/Mdr.HostApplication.AppHost.csproj" />
    <Project Path="src/Mdr.HostApplication.ServiceDefaults/Mdr.HostApplication.ServiceDefaults.csproj" />
    <Project Path="src/Mdr.HostApplication.Web/Mdr.HostApplication.Web.csproj" />
    <Project Path="src/Mdr.Orleans.ClientWebApp/Mdr.Orleans.ClientWebApp.csproj" />
    <Project Path="src/Mdr.Orleans.Core/Mdr.Orleans.Core.csproj" />
    <Project Path="src/Mdr.Orleans.SiloWebApp/Mdr.Orleans.SiloWebApp.csproj" />
  </Folder>
  <Folder Name="/tests/">
    <Project Path="tests/Mdr.HostApplication.Tests/Mdr.HostApplication.Tests.csproj" />
  </Folder>
</Solution>
